
Microsoft Visual Studio Solution File, Format Version 12.00
# Visual Studio Version 16
VisualStudioVersion = 16.0.31911.196
MinimumVisualStudioVersion = 10.0.40219.1
Project("{FAE04EC0-301F-11D3-BF4B-00C04F79EFBC}") = "hand-out", "hand-out\hand-out.csproj", "{1B6D636A-EE56-4F1E-B58B-853DEBF1BB7E}"
EndProject
Global
	GlobalSection(SolutionConfigurationPlatforms) = preSolution
		Debug|Any CPU = Debug|Any CPU
		Release|Any CPU = Release|Any CPU
	EndGlobalSection
	GlobalSection(ProjectConfigurationPlatforms) = postSolution
		{1B6D636A-EE56-4F1E-B58B-853DEBF1BB7E}.Debug|Any CPU.ActiveCfg = Debug|Any CPU
		{1B6D636A-EE56-4F1E-B58B-853DEBF1BB7E}.Debug|Any CPU.Build.0 = Debug|Any CPU
		{1B6D636A-EE56-4F1E-B58B-853DEBF1BB7E}.Release|Any CPU.ActiveCfg = Release|Any CPU
		{1B6D636A-EE56-4F1E-B58B-853DEBF1BB7E}.Release|Any CPU.Build.0 = Release|Any CPU
	EndGlobalSection
	GlobalSection(SolutionProperties) = preSolution
		HideSolutionNode = FALSE
	EndGlobalSection
	GlobalSection(ExtensibilityGlobals) = postSolution
		SolutionGuid = {841E2AA3-13E6-46D4-AD80-C2757D6B512D}
	EndGlobalSection
EndGlobal
